
Microsoft Visual Studio Solution File, Format Version 12.00
# Visual Studio Version 17
VisualStudioVersion = 17.3.32901.215
MinimumVisualStudioVersion = 10.0.40219.1
Project("{FAE04EC0-301F-11D3-BF4B-00C04F79EFBC}") = "Shopping.Client", "Shopping.Client\Shopping.Client.csproj", "{D1E31FDC-0304-43CD-844C-5D2647893ACB}"
EndProject
Global
	GlobalSection(SolutionConfigurationPlatforms) = preSolution
		Debug|Any CPU = Debug|Any CPU
		Release|Any CPU = Release|Any CPU
	EndGlobalSection
	GlobalSection(ProjectConfigurationPlatforms) = postSolution
		{D1E31FDC-0304-43CD-844C-5D2647893ACB}.Debug|Any CPU.ActiveCfg = Debug|Any CPU
		{D1E31FDC-0304-43CD-844C-5D2647893ACB}.Debug|Any CPU.Build.0 = Debug|Any CPU
		{D1E31FDC-0304-43CD-844C-5D2647893ACB}.Release|Any CPU.ActiveCfg = Release|Any CPU
		{D1E31FDC-0304-43CD-844C-5D2647893ACB}.Release|Any CPU.Build.0 = Release|Any CPU
	EndGlobalSection
	GlobalSection(SolutionProperties) = preSolution
		HideSolutionNode = FALSE
	EndGlobalSection
	GlobalSection(ExtensibilityGlobals) = postSolution
		SolutionGuid = {B6D757C8-E10D-4661-83E8-5184336F63E8}
	EndGlobalSection
EndGlobal
